Microsoft Visual Studio Solution File, Format Version 12.00
# Visual Studio Version 17
VisualStudioVersion = 17.5.2.0
MinimumVisualStudioVersion = 10.0.40219.1
Project("{FAE04EC0-301F-11D3-BF4B-00C04F79EFBC}") = "CodingTest.UI", "CodingTest.UI\CodingTest.UI.csproj", "{256E2D80-898A-FD9B-0975-1EE67EE2A604}"
EndProject
Global
	GlobalSection(SolutionConfigurationPlatforms) = preSolution
		Debug|Any CPU = Debug|Any CPU
		Release|Any CPU = Release|Any CPU
	EndGlobalSection
	GlobalSection(ProjectConfigurationPlatforms) = postSolution
		{256E2D80-898A-FD9B-0975-1EE67EE2A604}.Debug|Any CPU.ActiveCfg = Debug|Any CPU
		{256E2D80-898A-FD9B-0975-1EE67EE2A604}.Debug|Any CPU.Build.0 = Debug|Any CPU
		{256E2D80-898A-FD9B-0975-1EE67EE2A604}.Release|Any CPU.ActiveCfg = Release|Any CPU
		{256E2D80-898A-FD9B-0975-1EE67EE2A604}.Release|Any CPU.Build.0 = Release|Any CPU
	EndGlobalSection
	GlobalSection(SolutionProperties) = preSolution
		HideSolutionNode = FALSE
	EndGlobalSection
	GlobalSection(ExtensibilityGlobals) = postSolution
		SolutionGuid = {83CBE46A-1CF6-44A4-A259-274A05E3D765}
	EndGlobalSection
EndGlobal
